
Microsoft Visual Studio Solution File, Format Version 12.00
# Visual Studio 15
VisualStudioVersion = 15.0.27130.2027
MinimumVisualStudioVersion = 10.0.40219.1
Project("{FAE04EC0-301F-11D3-BF4B-00C04F79EFBC}") = "test", "test\test.csproj", "{A97AD86A-FE0A-4651-A2C6-CBD053404572}"
EndProject
Global
	GlobalSection(SolutionConfigurationPlatforms) = preSolution
		Debug|Any CPU = Debug|Any CPU
		Release|Any CPU = Release|Any CPU
	EndGlobalSection
	GlobalSection(ProjectConfigurationPlatforms) = postSolution
		{A97AD86A-FE0A-4651-A2C6-CBD053404572}.Debug|Any CPU.ActiveCfg = Debug|Any CPU
		{A97AD86A-FE0A-4651-A2C6-CBD053404572}.Debug|Any CPU.Build.0 = Debug|Any CPU
		{A97AD86A-FE0A-4651-A2C6-CBD053404572}.Release|Any CPU.ActiveCfg = Release|Any CPU
		{A97AD86A-FE0A-4651-A2C6-CBD053404572}.Release|Any CPU.Build.0 = Release|Any CPU
	EndGlobalSection
	GlobalSection(SolutionProperties) = preSolution
		HideSolutionNode = FALSE
	EndGlobalSection
	GlobalSection(ExtensibilityGlobals) = postSolution
		SolutionGuid = {FB3D4CCF-2C64-4366-AEAA-9FA8F53D544D}
	EndGlobalSection
EndGlobal
